
Microsoft Visual Studio Solution File, Format Version 12.00
# Visual Studio Version 16
VisualStudioVersion = 16.0.29201.188
MinimumVisualStudioVersion = 10.0.40219.1
Project("{FAE04EC0-301F-11D3-BF4B-00C04F79EFBC}") = "Polygon 2", "Polygon 2\Polygon 2.csproj", "{9971346D-73C8-4061-AFFD-2812BF630CC4}"
EndProject
Global
	GlobalSection(SolutionConfigurationPlatforms) = preSolution
		Debug|Any CPU = Debug|Any CPU
		Release|Any CPU = Release|Any CPU
	EndGlobalSection
	GlobalSection(ProjectConfigurationPlatforms) = postSolution
		{9971346D-73C8-4061-AFFD-2812BF630CC4}.Debug|Any CPU.ActiveCfg = Debug|Any CPU
		{9971346D-73C8-4061-AFFD-2812BF630CC4}.Debug|Any CPU.Build.0 = Debug|Any CPU
		{9971346D-73C8-4061-AFFD-2812BF630CC4}.Release|Any CPU.ActiveCfg = Release|Any CPU
		{9971346D-73C8-4061-AFFD-2812BF630CC4}.Release|Any CPU.Build.0 = Release|Any CPU
	EndGlobalSection
	GlobalSection(SolutionProperties) = preSolution
		HideSolutionNode = FALSE
	EndGlobalSection
	GlobalSection(ExtensibilityGlobals) = postSolution
		SolutionGuid = {8E1DB2D5-A0D3-46DC-A0A7-E55EBB02EF76}
	EndGlobalSection
EndGlobal
